PODS:
  - Alamofire (3.0.0)
  - Crashlytics (3.3.4)
  - Digits (1.11.4)
  - Fabric (1.5.5):
    - Fabric/Base (= 1.5.5)
  - Fabric/Base (1.5.5)
  - TwitterCore (1.11.4)

DEPENDENCIES:
  - Alamofire (from `https://github.com/Alamofire/Alamofire.git`)
  - Crashlytics
  - Digits
  - Fabric
  - TwitterCore

EXTERNAL SOURCES:
  Alamofire:
    :git: https://github.com/Alamofire/Alamofire.git

CHECKOUT OPTIONS:
  Alamofire:
    :commit: 2beb1e3b6ca9349badcd9cbba1a7efad8bc43c89
    :git: https://github.com/Alamofire/Alamofire.git

SPEC CHECKSUMS:
  Alamofire: b61782387f81bcc538a0284cf2bb5d7995cd0a80
  Crashlytics: 41c082440d2e14da444186fff65e79c0b4b35d4c
  Digits: 1a372fab25b58d1459adc6b8d95e2e155ae5b212
  Fabric: 190bf1a6eb65f7500de1347d027d2e59a7e53db1
  TwitterCore: 171dbd2f8d55707397f461af5158d987fb34aa36

COCOAPODS: 0.39.0
